
Microsoft Visual Studio Solution File, Format Version 12.00
# Visual Studio Version 17
VisualStudioVersion = 17.14.36109.1 d17.14
MinimumVisualStudioVersion = 10.0.40219.1
Project("{FAE04EC0-301F-11D3-BF4B-00C04F79EFBC}") = "Notes.WebApp", "Notes.WebApp\Notes.WebApp.csproj", "{5EBB05E9-F2CB-4F33-A017-7B5C8E3958C2}"
EndProject
Project("{FAE04EC0-301F-11D3-BF4B-00C04F79EFBC}") = "Notes.Tests.Api", "Notes.Tests.Api\Notes.Tests.Api.csproj", "{7725F9E4-41F0-4390-A35E-B77BF7D23D81}"
EndProject
Project("{FAE04EC0-301F-11D3-BF4B-00C04F79EFBC}") = "Notes.Tests.UI", "Notes.Tests.UI\Notes.Tests.UI.csproj", "{17B710FC-63BC-43C7-9FB2-C365179192DC}"
EndProject
Global
	GlobalSection(SolutionConfigurationPlatforms) = preSolution
		Debug|Any CPU = Debug|Any CPU
		Release|Any CPU = Release|Any CPU
	EndGlobalSection
	GlobalSection(ProjectConfigurationPlatforms) = postSolution
		{5EBB05E9-F2CB-4F33-A017-7B5C8E3958C2}.Debug|Any CPU.ActiveCfg = Debug|Any CPU
		{5EBB05E9-F2CB-4F33-A017-7B5C8E3958C2}.Debug|Any CPU.Build.0 = Debug|Any CPU
		{5EBB05E9-F2CB-4F33-A017-7B5C8E3958C2}.Release|Any CPU.ActiveCfg = Release|Any CPU
		{5EBB05E9-F2CB-4F33-A017-7B5C8E3958C2}.Release|Any CPU.Build.0 = Release|Any CPU
		{7725F9E4-41F0-4390-A35E-B77BF7D23D81}.Debug|Any CPU.ActiveCfg = Debug|Any CPU
		{7725F9E4-41F0-4390-A35E-B77BF7D23D81}.Debug|Any CPU.Build.0 = Debug|Any CPU
		{7725F9E4-41F0-4390-A35E-B77BF7D23D81}.Release|Any CPU.ActiveCfg = Release|Any CPU
		{7725F9E4-41F0-4390-A35E-B77BF7D23D81}.Release|Any CPU.Build.0 = Release|Any CPU
		{17B710FC-63BC-43C7-9FB2-C365179192DC}.Debug|Any CPU.ActiveCfg = Debug|Any CPU
		{17B710FC-63BC-43C7-9FB2-C365179192DC}.Debug|Any CPU.Build.0 = Debug|Any CPU
		{17B710FC-63BC-43C7-9FB2-C365179192DC}.Release|Any CPU.ActiveCfg = Release|Any CPU
		{17B710FC-63BC-43C7-9FB2-C365179192DC}.Release|Any CPU.Build.0 = Release|Any CPU
	EndGlobalSection
	GlobalSection(SolutionProperties) = preSolution
		HideSolutionNode = FALSE
	EndGlobalSection
	GlobalSection(ExtensibilityGlobals) = postSolution
		SolutionGuid = {FE03FD89-66A1-41EC-B981-77B56A0C40CC}
	EndGlobalSection
EndGlobal
